
Microsoft Visual Studio Solution File, Format Version 12.00
# Visual Studio 14
VisualStudioVersion = 14.0.25420.1
MinimumVisualStudioVersion = 10.0.40219.1
Project("{FAE04EC0-301F-11D3-BF4B-00C04F79EFBC}") = "Insurance", "Insurance\Insurance.csproj", "{B1FB27D9-7808-4F7B-9557-5136C7A6EE34}"
EndProject
Project("{FAE04EC0-301F-11D3-BF4B-00C04F79EFBC}") = "InsuranceTest", "InsuranceTest\InsuranceTest.csproj", "{C9ED8A54-1997-468C-83A7-B40391269A8B}"
EndProject
Project("{FAE04EC0-301F-11D3-BF4B-00C04F79EFBC}") = "FitnesseTests", "FitnesseTests\FitnesseTests.csproj", "{CAEA1831-5D74-4A1F-BF80-13CE403D68EA}"
EndProject
Global
	GlobalSection(SolutionConfigurationPlatforms) = preSolution
		Debug|Any CPU = Debug|Any CPU
		Release|Any CPU = Release|Any CPU
	EndGlobalSection
	GlobalSection(ProjectConfigurationPlatforms) = postSolution
		{B1FB27D9-7808-4F7B-9557-5136C7A6EE34}.Debug|Any CPU.ActiveCfg = Debug|Any CPU
		{B1FB27D9-7808-4F7B-9557-5136C7A6EE34}.Debug|Any CPU.Build.0 = Debug|Any CPU
		{B1FB27D9-7808-4F7B-9557-5136C7A6EE34}.Release|Any CPU.ActiveCfg = Release|Any CPU
		{B1FB27D9-7808-4F7B-9557-5136C7A6EE34}.Release|Any CPU.Build.0 = Release|Any CPU
		{C9ED8A54-1997-468C-83A7-B40391269A8B}.Debug|Any CPU.ActiveCfg = Debug|Any CPU
		{C9ED8A54-1997-468C-83A7-B40391269A8B}.Debug|Any CPU.Build.0 = Debug|Any CPU
		{C9ED8A54-1997-468C-83A7-B40391269A8B}.Release|Any CPU.ActiveCfg = Release|Any CPU
		{C9ED8A54-1997-468C-83A7-B40391269A8B}.Release|Any CPU.Build.0 = Release|Any CPU
		{CAEA1831-5D74-4A1F-BF80-13CE403D68EA}.Debug|Any CPU.ActiveCfg = Debug|Any CPU
		{CAEA1831-5D74-4A1F-BF80-13CE403D68EA}.Debug|Any CPU.Build.0 = Debug|Any CPU
		{CAEA1831-5D74-4A1F-BF80-13CE403D68EA}.Release|Any CPU.ActiveCfg = Release|Any CPU
		{CAEA1831-5D74-4A1F-BF80-13CE403D68EA}.Release|Any CPU.Build.0 = Release|Any CPU
	EndGlobalSection
	GlobalSection(SolutionProperties) = preSolution
		HideSolutionNode = FALSE
	EndGlobalSection
EndGlobal
