
Microsoft Visual Studio Solution File, Format Version 12.00
# Visual Studio 14
VisualStudioVersion = 14.0.25420.1
MinimumVisualStudioVersion = 10.0.40219.1
Project("{FAE04EC0-301F-11D3-BF4B-00C04F79EFBC}") = "Insurance", "Insurance\Insurance.csproj", "{B1FB27D9-7808-4F7B-9557-5136C7A6EE34}"
EndProject
Project("{FAE04EC0-301F-11D3-BF4B-00C04F79EFBC}") = "InsuranceTest", "InsuranceTest\InsuranceTest.csproj", "{C9ED8A54-1997-468C-83A7-B40391269A8B}"
EndProject
Project("{FAE04EC0-301F-11D3-BF4B-00C04F79EFBC}") = "FitnesseTests", "FitnesseTests\FitnesseTests.csproj", "{CAEA1831-5D74-4A1F-BF80-13CE403D68EA}"
	ProjectSection(ProjectDependencies) = postProject
		{B1FB27D9-7808-4F7B-9557-5136C7A6EE34} = {B1FB27D9-7808-4F7B-9557-5136C7A6EE34}
	EndProjectSection
EndProject
Project("{FAE04EC0-301F-11D3-BF4B-00C04F79EFBC}") = "InsuranceWebForm", "InsuranceWebForm\InsuranceWebForm.csproj", "{80A4DED2-E8DE-47BB-BC8D-823F136EFD4F}"
EndProject
Project("{FAE04EC0-301F-11D3-BF4B-00C04F79EFBC}") = "SeleniumTests", "SeleniumTests\SeleniumTests.csproj", "{193B4D7B-39BD-4BFF-BB70-450850B15CCA}"
	ProjectSection(ProjectDependencies) = postProject
		{80A4DED2-E8DE-47BB-BC8D-823F136EFD4F} = {80A4DED2-E8DE-47BB-BC8D-823F136EFD4F}
		{B1FB27D9-7808-4F7B-9557-5136C7A6EE34} = {B1FB27D9-7808-4F7B-9557-5136C7A6EE34}
	EndProjectSection
EndProject
Global
	GlobalSection(SolutionConfigurationPlatforms) = preSolution
		Debug|Any CPU = Debug|Any CPU
		Debug|x64 = Debug|x64
		Release|Any CPU = Release|Any CPU
		Release|x64 = Release|x64
	EndGlobalSection
	GlobalSection(ProjectConfigurationPlatforms) = postSolution
		{B1FB27D9-7808-4F7B-9557-5136C7A6EE34}.Debug|Any CPU.ActiveCfg = Debug|Any CPU
		{B1FB27D9-7808-4F7B-9557-5136C7A6EE34}.Debug|Any CPU.Build.0 = Debug|Any CPU
		{B1FB27D9-7808-4F7B-9557-5136C7A6EE34}.Debug|x64.ActiveCfg = Debug|x64
		{B1FB27D9-7808-4F7B-9557-5136C7A6EE34}.Debug|x64.Build.0 = Debug|x64
		{B1FB27D9-7808-4F7B-9557-5136C7A6EE34}.Release|Any CPU.ActiveCfg = Release|Any CPU
		{B1FB27D9-7808-4F7B-9557-5136C7A6EE34}.Release|Any CPU.Build.0 = Release|Any CPU
		{B1FB27D9-7808-4F7B-9557-5136C7A6EE34}.Release|x64.ActiveCfg = Release|x64
		{B1FB27D9-7808-4F7B-9557-5136C7A6EE34}.Release|x64.Build.0 = Release|x64
		{C9ED8A54-1997-468C-83A7-B40391269A8B}.Debug|Any CPU.ActiveCfg = Debug|Any CPU
		{C9ED8A54-1997-468C-83A7-B40391269A8B}.Debug|Any CPU.Build.0 = Debug|Any CPU
		{C9ED8A54-1997-468C-83A7-B40391269A8B}.Debug|x64.ActiveCfg = Debug|x64
		{C9ED8A54-1997-468C-83A7-B40391269A8B}.Debug|x64.Build.0 = Debug|x64
		{C9ED8A54-1997-468C-83A7-B40391269A8B}.Release|Any CPU.ActiveCfg = Release|Any CPU
		{C9ED8A54-1997-468C-83A7-B40391269A8B}.Release|Any CPU.Build.0 = Release|Any CPU
		{C9ED8A54-1997-468C-83A7-B40391269A8B}.Release|x64.ActiveCfg = Release|x64
		{C9ED8A54-1997-468C-83A7-B40391269A8B}.Release|x64.Build.0 = Release|x64
		{CAEA1831-5D74-4A1F-BF80-13CE403D68EA}.Debug|Any CPU.ActiveCfg = Debug|Any CPU
		{CAEA1831-5D74-4A1F-BF80-13CE403D68EA}.Debug|Any CPU.Build.0 = Debug|Any CPU
		{CAEA1831-5D74-4A1F-BF80-13CE403D68EA}.Debug|x64.ActiveCfg = Debug|x64
		{CAEA1831-5D74-4A1F-BF80-13CE403D68EA}.Debug|x64.Build.0 = Debug|x64
		{CAEA1831-5D74-4A1F-BF80-13CE403D68EA}.Release|Any CPU.ActiveCfg = Release|Any CPU
		{CAEA1831-5D74-4A1F-BF80-13CE403D68EA}.Release|Any CPU.Build.0 = Release|Any CPU
		{CAEA1831-5D74-4A1F-BF80-13CE403D68EA}.Release|x64.ActiveCfg = Release|x64
		{CAEA1831-5D74-4A1F-BF80-13CE403D68EA}.Release|x64.Build.0 = Release|x64
		{80A4DED2-E8DE-47BB-BC8D-823F136EFD4F}.Debug|Any CPU.ActiveCfg = Debug|Any CPU
		{80A4DED2-E8DE-47BB-BC8D-823F136EFD4F}.Debug|Any CPU.Build.0 = Debug|Any CPU
		{80A4DED2-E8DE-47BB-BC8D-823F136EFD4F}.Debug|x64.ActiveCfg = Debug|x64
		{80A4DED2-E8DE-47BB-BC8D-823F136EFD4F}.Debug|x64.Build.0 = Debug|x64
		{80A4DED2-E8DE-47BB-BC8D-823F136EFD4F}.Release|Any CPU.ActiveCfg = Release|Any CPU
		{80A4DED2-E8DE-47BB-BC8D-823F136EFD4F}.Release|Any CPU.Build.0 = Release|Any CPU
		{80A4DED2-E8DE-47BB-BC8D-823F136EFD4F}.Release|x64.ActiveCfg = Release|x64
		{80A4DED2-E8DE-47BB-BC8D-823F136EFD4F}.Release|x64.Build.0 = Release|x64
		{193B4D7B-39BD-4BFF-BB70-450850B15CCA}.Debug|Any CPU.ActiveCfg = Debug|Any CPU
		{193B4D7B-39BD-4BFF-BB70-450850B15CCA}.Debug|Any CPU.Build.0 = Debug|Any CPU
		{193B4D7B-39BD-4BFF-BB70-450850B15CCA}.Debug|x64.ActiveCfg = Debug|x64
		{193B4D7B-39BD-4BFF-BB70-450850B15CCA}.Debug|x64.Build.0 = Debug|x64
		{193B4D7B-39BD-4BFF-BB70-450850B15CCA}.Release|Any CPU.ActiveCfg = Release|Any CPU
		{193B4D7B-39BD-4BFF-BB70-450850B15CCA}.Release|Any CPU.Build.0 = Release|Any CPU
		{193B4D7B-39BD-4BFF-BB70-450850B15CCA}.Release|x64.ActiveCfg = Release|x64
		{193B4D7B-39BD-4BFF-BB70-450850B15CCA}.Release|x64.Build.0 = Release|x64
	EndGlobalSection
	GlobalSection(SolutionProperties) = preSolution
		HideSolutionNode = FALSE
	EndGlobalSection
EndGlobal
